<Solution>
  <Folder Name="/Benchmarks/">
    <Project Path="benchmarks/PNFmt.Benchmarks.csproj" />
  </Folder>
  <Folder Name="/Source/">
    <Project Path="PNFmt.Cli/PNFmt.Cli.csproj" />
    <Project Path="PNFmt.Core/PNFmt.Core.csproj" />
  </Folder>
  <Folder Name="/Tests/">
    <Project Path="PNFmt.Tests/PNFmt.Tests.csproj" />
  </Folder>
  <Folder Name="/Tools/">
    <Project Path="tools/SnapshotViewer/PNFmt.SnapshotViewer.csproj" />
  </Folder>
</Solution>
