<Solution>
  <Configurations>
    <BuildType Name="Debug" />
    <BuildType Name="Release" />
    <Platform Name="Arm64" />
    <Platform Name="x64" />
    <ProjectType TypeId="{AAAA}" />
    <ProjectType TypeId="{BBBB}">
      <BuildType Solution="Debug" Project="Debug" />
      <BuildType Solution="Release" Project="Release" />
      <Platform Solution="x64" Project="Any CPU" />
    </ProjectType>
  </Configurations>
</Solution>
