<Solution><Folder Name="/Preserved/" xml:space="preserve"> <Project Path="Z.csproj"/> <Project Path="A.csproj" xml:space="default"><BuildType Solution="Release"/><BuildType Solution="Debug"/></Project> </Folder><Folder Name="/Normal/"><Project Path="Z.csproj"/><Project Path="A.csproj"/></Folder></Solution>
