<Solution><Project Path="App.csproj"><Properties Name="Project"><Property Name="Zulu" Value="2"/><Property Name="Alpha" Value="1"/></Properties><Deploy Solution="Release|x64" Project="true"/><Build Solution="Release|x64" Project="true"/><Platform Solution="Release|x64" Project="x64"/><BuildType Solution="Release|x64" Project="Release"/><BuildType Solution="Debug|x64" Project="Debug"/><BuildDependency Project="Z.csproj"/><BuildDependency Project="A.csproj"/></Project></Solution>
